
Microsoft Visual Studio Solution File, Format Version 12.00
# Visual Studio Version 17
VisualStudioVersion = 17.9.34622.214
MinimumVisualStudioVersion = 10.0.40219.1
Project("{9A19103F-16F7-4668-BE54-9A1E7A4F7556}") = "DigitalMobileApp", "DigitalMobileApp\DigitalMobileApp.csproj", "{A3FD7C46-7910-4C66-AF19-98AC13F9F99E}"
EndProject
Global
	GlobalSection(SolutionConfigurationPlatforms) = preSolution
		Debug|Any CPU = Debug|Any CPU
		Release|Any CPU = Release|Any CPU
	EndGlobalSection
	GlobalSection(ProjectConfigurationPlatforms) = postSolution
		{A3FD7C46-7910-4C66-AF19-98AC13F9F99E}.Debug|Any CPU.ActiveCfg = Debug|Any CPU
		{A3FD7C46-7910-4C66-AF19-98AC13F9F99E}.Debug|Any CPU.Build.0 = Debug|Any CPU
		{A3FD7C46-7910-4C66-AF19-98AC13F9F99E}.Debug|Any CPU.Deploy.0 = Debug|Any CPU
		{A3FD7C46-7910-4C66-AF19-98AC13F9F99E}.Release|Any CPU.ActiveCfg = Release|Any CPU
		{A3FD7C46-7910-4C66-AF19-98AC13F9F99E}.Release|Any CPU.Build.0 = Release|Any CPU
		{A3FD7C46-7910-4C66-AF19-98AC13F9F99E}.Release|Any CPU.Deploy.0 = Release|Any CPU
	EndGlobalSection
	GlobalSection(SolutionProperties) = preSolution
		HideSolutionNode = FALSE
	EndGlobalSection
	GlobalSection(ExtensibilityGlobals) = postSolution
		SolutionGuid = {882031F5-48B3-439B-9924-647FE51ED235}
	EndGlobalSection
EndGlobal
